
Microsoft Visual Studio Solution File, Format Version 12.00
# Visual Studio Version 16
VisualStudioVersion = 16.0.30204.135
MinimumVisualStudioVersion = 10.0.40219.1
Project("{9A19103F-16F7-4668-BE54-9A1E7A4F7556}") = "EntityLibraryStockChartingApp", "EntityLibraryStockChartingApp\EntityLibraryStockChartingApp.csproj", "{A29EFC66-E4D5-40A7-AE18-A2E94512F4AE}"
EndProject
Project("{FAE04EC0-301F-11D3-BF4B-00C04F79EFBC}") = "StockChartingApp.UploadExcelMS", "StockChartingApp.UploadExcelMS\StockChartingApp.UploadExcelMS.csproj", "{C6FC437B-8B95-464C-884A-47D888C20933}"
EndProject
Project("{FAE04EC0-301F-11D3-BF4B-00C04F79EFBC}") = "StockChartingApp.CompanyMS", "StockChartingApp.CompanyMS\StockChartingApp.CompanyMS.csproj", "{56ADE1DE-5790-49B4-8309-A22477EF2B45}"
EndProject
Project("{FAE04EC0-301F-11D3-BF4B-00C04F79EFBC}") = "StockChartingApp.SectorMS", "StockChartingApp.SectorMS\StockChartingApp.SectorMS.csproj", "{70FBD53C-5CD7-42C6-A8A6-1D9B802CB053}"
EndProject
Project("{FAE04EC0-301F-11D3-BF4B-00C04F79EFBC}") = "StockChartingApp.RoleMS", "StockChartingApp.RoleMS\StockChartingApp.RoleMS.csproj", "{C7691D5A-D2B1-4235-B096-C7DF224471FF}"
EndProject
Project("{FAE04EC0-301F-11D3-BF4B-00C04F79EFBC}") = "StockChartingApp.StockExchangeMS", "StockChartingApp.StockExchangeMS\StockChartingApp.StockExchangeMS.csproj", "{706B732E-DDDC-443A-8E6C-05DF2543556D}"
EndProject
Global
	GlobalSection(SolutionConfigurationPlatforms) = preSolution
		Debug|Any CPU = Debug|Any CPU
		Release|Any CPU = Release|Any CPU
	EndGlobalSection
	GlobalSection(ProjectConfigurationPlatforms) = postSolution
		{A29EFC66-E4D5-40A7-AE18-A2E94512F4AE}.Debug|Any CPU.ActiveCfg = Debug|Any CPU
		{A29EFC66-E4D5-40A7-AE18-A2E94512F4AE}.Debug|Any CPU.Build.0 = Debug|Any CPU
		{A29EFC66-E4D5-40A7-AE18-A2E94512F4AE}.Release|Any CPU.ActiveCfg = Release|Any CPU
		{A29EFC66-E4D5-40A7-AE18-A2E94512F4AE}.Release|Any CPU.Build.0 = Release|Any CPU
		{C6FC437B-8B95-464C-884A-47D888C20933}.Debug|Any CPU.ActiveCfg = Debug|Any CPU
		{C6FC437B-8B95-464C-884A-47D888C20933}.Debug|Any CPU.Build.0 = Debug|Any CPU
		{C6FC437B-8B95-464C-884A-47D888C20933}.Release|Any CPU.ActiveCfg = Release|Any CPU
		{C6FC437B-8B95-464C-884A-47D888C20933}.Release|Any CPU.Build.0 = Release|Any CPU
		{56ADE1DE-5790-49B4-8309-A22477EF2B45}.Debug|Any CPU.ActiveCfg = Debug|Any CPU
		{56ADE1DE-5790-49B4-8309-A22477EF2B45}.Debug|Any CPU.Build.0 = Debug|Any CPU
		{56ADE1DE-5790-49B4-8309-A22477EF2B45}.Release|Any CPU.ActiveCfg = Release|Any CPU
		{56ADE1DE-5790-49B4-8309-A22477EF2B45}.Release|Any CPU.Build.0 = Release|Any CPU
		{70FBD53C-5CD7-42C6-A8A6-1D9B802CB053}.Debug|Any CPU.ActiveCfg = Debug|Any CPU
		{70FBD53C-5CD7-42C6-A8A6-1D9B802CB053}.Debug|Any CPU.Build.0 = Debug|Any CPU
		{70FBD53C-5CD7-42C6-A8A6-1D9B802CB053}.Release|Any CPU.ActiveCfg = Release|Any CPU
		{70FBD53C-5CD7-42C6-A8A6-1D9B802CB053}.Release|Any CPU.Build.0 = Release|Any CPU
		{C7691D5A-D2B1-4235-B096-C7DF224471FF}.Debug|Any CPU.ActiveCfg = Debug|Any CPU
		{C7691D5A-D2B1-4235-B096-C7DF224471FF}.Debug|Any CPU.Build.0 = Debug|Any CPU
		{C7691D5A-D2B1-4235-B096-C7DF224471FF}.Release|Any CPU.ActiveCfg = Release|Any CPU
		{C7691D5A-D2B1-4235-B096-C7DF224471FF}.Release|Any CPU.Build.0 = Release|Any CPU
		{706B732E-DDDC-443A-8E6C-05DF2543556D}.Debug|Any CPU.ActiveCfg = Debug|Any CPU
		{706B732E-DDDC-443A-8E6C-05DF2543556D}.Debug|Any CPU.Build.0 = Debug|Any CPU
		{706B732E-DDDC-443A-8E6C-05DF2543556D}.Release|Any CPU.ActiveCfg = Release|Any CPU
		{706B732E-DDDC-443A-8E6C-05DF2543556D}.Release|Any CPU.Build.0 = Release|Any CPU
	EndGlobalSection
	GlobalSection(SolutionProperties) = preSolution
		HideSolutionNode = FALSE
	EndGlobalSection
	GlobalSection(ExtensibilityGlobals) = postSolution
		SolutionGuid = {826E7249-8579-4C86-989A-4D91569DD1C0}
	EndGlobalSection
EndGlobal
